// !$*UTF8*$!
{
	archiveVersion = 1;
	classes = {
	};
	objectVersion = 50;
	objects = {

/* Begin PBXBuildFile section */
		EC06709C23E3041100099C5F /* onBoardingManager.swift in Sources */ = {isa = PBXBuildFile; fileRef = EC06709B23E3041100099C5F /* onBoardingManager.swift */; };
		EC0670A223E3266600099C5F /* ApplicationUIManager.swift in Sources */ = {isa = PBXBuildFile; fileRef = EC06709E23E3266500099C5F /* ApplicationUIManager.swift */; };
		EC0670A323E3266600099C5F /* OnboardingErrorHandler.swift in Sources */ = {isa = PBXBuildFile; fileRef = EC06709F23E3266500099C5F /* OnboardingErrorHandler.swift */; };
		EC0670A423E3266600099C5F /* OnboardingFlowProvider.swift in Sources */ = {isa = PBXBuildFile; fileRef = EC0670A023E3266500099C5F /* OnboardingFlowProvider.swift */; };
		EC0670A523E3266600099C5F /* ConfigurationProvider.plist in Resources */ = {isa = PBXBuildFile; fileRef = EC0670A123E3266500099C5F /* ConfigurationProvider.plist */; };
		EC096EBC23B651F300C08B65 /* propositionsTableViewController.swift in Sources */ = {isa = PBXBuildFile; fileRef = EC096EBB23B651F300C08B65 /* propositionsTableViewController.swift */; };
		EC101F1723BF87BB002A17AB /* mainViewController.swift in Sources */ = {isa = PBXBuildFile; fileRef = EC101F1623BF87BB002A17AB /* mainViewController.swift */; };
		EC101F1A23BF8CE0002A17AB /* calendarViewController.swift in Sources */ = {isa = PBXBuildFile; fileRef = EC101F1923BF8CDF002A17AB /* calendarViewController.swift */; };
		EC101F1D23BFA2E2002A17AB /* profilViewController.swift in Sources */ = {isa = PBXBuildFile; fileRef = EC101F1C23BFA2E2002A17AB /* profilViewController.swift */; };
		EC101F1F23C6227D002A17AB /* propositionFormTableViewController.swift in Sources */ = {isa = PBXBuildFile; fileRef = EC101F1E23C6227D002A17AB /* propositionFormTableViewController.swift */; };
		EC101F2323C898DC002A17AB /* overviewTableViewController.swift in Sources */ = {isa = PBXBuildFile; fileRef = EC101F2223C898DC002A17AB /* overviewTableViewController.swift */; };
		EC4D9C3123B6097E00C72721 /* AppDelegate.swift in Sources */ = {isa = PBXBuildFile; fileRef = EC4D9C3023B6097E00C72721 /* AppDelegate.swift */; };
		EC4D9C3323B6097E00C72721 /* SceneDelegate.swift in Sources */ = {isa = PBXBuildFile; fileRef = EC4D9C3223B6097E00C72721 /* SceneDelegate.swift */; };
		EC4D9C3523B6097E00C72721 /* ViewController.swift in Sources */ = {isa = PBXBuildFile; fileRef = EC4D9C3423B6097E00C72721 /* ViewController.swift */; };
		EC4D9C3B23B6097E00C72721 /* TestFiori4Ios.xcdatamodeld in Sources */ = {isa = PBXBuildFile; fileRef = EC4D9C3923B6097E00C72721 /* TestFiori4Ios.xcdatamodeld */; };
		EC4D9C3D23B6098100C72721 /* Assets.xcassets in Resources */ = {isa = PBXBuildFile; fileRef = EC4D9C3C23B6098100C72721 /* Assets.xcassets */; };
		EC4D9C4023B6098100C72721 /* LaunchScreen.storyboard in Resources */ = {isa = PBXBuildFile; fileRef = EC4D9C3E23B6098100C72721 /* LaunchScreen.storyboard */; };
		EC4D9C5923B613BB00C72721 /* navController.swift in Sources */ = {isa = PBXBuildFile; fileRef = EC4D9C5823B613BB00C72721 /* navController.swift */; };
		EC51299923CF308B00539F6C /* helper.swift in Sources */ = {isa = PBXBuildFile; fileRef = EC51299823CF308B00539F6C /* helper.swift */; };
		EC51299D23CF50B300539F6C /* homeCollection.swift in Sources */ = {isa = PBXBuildFile; fileRef = EC51299C23CF50B300539F6C /* homeCollection.swift */; };
		EC51299F23D0838100539F6C /* propositionsJson.json in Resources */ = {isa = PBXBuildFile; fileRef = EC51299E23D0838100539F6C /* propositionsJson.json */; };
		EC5129A123D087AA00539F6C /* apiGetter.swift in Sources */ = {isa = PBXBuildFile; fileRef = EC5129A023D087AA00539F6C /* apiGetter.swift */; };
		EC81CAE823C8BDE900F7AD7A /* data.json in Resources */ = {isa = PBXBuildFile; fileRef = EC81CAE723C8BDE900F7AD7A /* data.json */; };
		ECE61B8D23BF40A200A4CCDC /* SAPCommon.framework in Frameworks */ = {isa = PBXBuildFile; fileRef = ECE61B8523BF409200A4CCDC /* SAPCommon.framework */; };
		ECE61B8E23BF40A200A4CCDC /* SAPCommon.framework in Embed Frameworks */ = {isa = PBXBuildFile; fileRef = ECE61B8523BF409200A4CCDC /* SAPCommon.framework */; settings = {ATTRIBUTES = (CodeSignOnCopy, RemoveHeadersOnCopy, ); }; };
		ECE61B9023BF40AC00A4CCDC /* SAPCommon.framework in Frameworks */ = {isa = PBXBuildFile; fileRef = ECE61B8523BF409200A4CCDC /* SAPCommon.framework */; };
		ECE61B9123BF40AC00A4CCDC /* SAPFiori.framework in Frameworks */ = {isa = PBXBuildFile; fileRef = ECE61B8923BF409200A4CCDC /* SAPFiori.framework */; };
		ECE61B9223BF40AC00A4CCDC /* SAPFiori.framework in Embed Frameworks */ = {isa = PBXBuildFile; fileRef = ECE61B8923BF409200A4CCDC /* SAPFiori.framework */; settings = {ATTRIBUTES = (CodeSignOnCopy, RemoveHeadersOnCopy, ); }; };
		ECE61B9323BF40AC00A4CCDC /* SAPFioriFlows.framework in Frameworks */ = {isa = PBXBuildFile; fileRef = ECE61B8823BF409200A4CCDC /* SAPFioriFlows.framework */; };
		ECE61B9423BF40AC00A4CCDC /* SAPFioriFlows.framework in Embed Frameworks */ = {isa = PBXBuildFile; fileRef = ECE61B8823BF409200A4CCDC /* SAPFioriFlows.framework */; settings = {ATTRIBUTES = (CodeSignOnCopy, RemoveHeadersOnCopy, ); }; };
		ECE61B9523BF40AC00A4CCDC /* SAPFoundation.framework in Frameworks */ = {isa = PBXBuildFile; fileRef = ECE61B8C23BF409200A4CCDC /* SAPFoundation.framework */; };
		ECE61B9623BF40AC00A4CCDC /* SAPFoundation.framework in Embed Frameworks */ = {isa = PBXBuildFile; fileRef = ECE61B8C23BF409200A4CCDC /* SAPFoundation.framework */; settings = {ATTRIBUTES = (CodeSignOnCopy, RemoveHeadersOnCopy, ); }; };
		ECE61B9923BF40AC00A4CCDC /* SAPOData.framework in Frameworks */ = {isa = PBXBuildFile; fileRef = ECE61B8623BF409200A4CCDC /* SAPOData.framework */; };
		ECE61B9A23BF40AC00A4CCDC /* SAPOData.framework in Embed Frameworks */ = {isa = PBXBuildFile; fileRef = ECE61B8623BF409200A4CCDC /* SAPOData.framework */; settings = {ATTRIBUTES = (CodeSignOnCopy, RemoveHeadersOnCopy, ); }; };
		ECE61B9B23BF40AC00A4CCDC /* SAPOfflineOData.framework in Frameworks */ = {isa = PBXBuildFile; fileRef = ECE61B8723BF409200A4CCDC /* SAPOfflineOData.framework */; };
		ECE61B9C23BF40AC00A4CCDC /* SAPOfflineOData.framework in Embed Frameworks */ = {isa = PBXBuildFile; fileRef = ECE61B8723BF409200A4CCDC /* SAPOfflineOData.framework */; settings = {ATTRIBUTES = (CodeSignOnCopy, RemoveHeadersOnCopy, ); }; };
		ECE61B9F23BF510B00A4CCDC /* placeDetailsTableViewController.swift in Sources */ = {isa = PBXBuildFile; fileRef = ECE61B9E23BF510B00A4CCDC /* placeDetailsTableViewController.swift */; };
		ECF2FE7723D850C3007B480F /* reservationTableView.swift in Sources */ = {isa = PBXBuildFile; fileRef = ECF2FE7623D850C3007B480F /* reservationTableView.swift */; };
/* End PBXBuildFile section */

/* Begin PBXCopyFilesBuildPhase section */
		ECE61B8F23BF40A300A4CCDC /* Embed Frameworks */ = {
			isa = PBXCopyFilesBuildPhase;
			buildActionMask = 2147483647;
			dstPath = "";
			dstSubfolderSpec = 10;
			files = (
				ECE61B8E23BF40A200A4CCDC /* SAPCommon.framework in Embed Frameworks */,
				ECE61B9423BF40AC00A4CCDC /* SAPFioriFlows.framework in Embed Frameworks */,
				ECE61B9A23BF40AC00A4CCDC /* SAPOData.framework in Embed Frameworks */,
				ECE61B9C23BF40AC00A4CCDC /* SAPOfflineOData.framework in Embed Frameworks */,
				ECE61B9623BF40AC00A4CCDC /* SAPFoundation.framework in Embed Frameworks */,
				ECE61B9223BF40AC00A4CCDC /* SAPFiori.framework in Embed Frameworks */,
			);
			name = "Embed Frameworks";
			runOnlyForDeploymentPostprocessing = 0;
		};
/* End PBXCopyFilesBuildPhase section */

/* Begin PBXFileReference section */
		EC06709B23E3041100099C5F /* onBoardingManager.swift */ = {isa = PBXFileReference; lastKnownFileType = sourcecode.swift; path = onBoardingManager.swift; sourceTree = "<group>"; };
		EC06709E23E3266500099C5F /* ApplicationUIManager.swift */ = {isa = PBXFileReference; fileEncoding = 4; lastKnownFileType = sourcecode.swift; path = ApplicationUIManager.swift; sourceTree = "<group>"; };
		EC06709F23E3266500099C5F /* OnboardingErrorHandler.swift */ = {isa = PBXFileReference; fileEncoding = 4; lastKnownFileType = sourcecode.swift; path = OnboardingErrorHandler.swift; sourceTree = "<group>"; };
		EC0670A023E3266500099C5F /* OnboardingFlowProvider.swift */ = {isa = PBXFileReference; fileEncoding = 4; lastKnownFileType = sourcecode.swift; path = OnboardingFlowProvider.swift; sourceTree = "<group>"; };
		EC0670A123E3266500099C5F /* ConfigurationProvider.plist */ = {isa = PBXFileReference; fileEncoding = 4; lastKnownFileType = text.plist.xml; path = ConfigurationProvider.plist; sourceTree = "<group>"; };
		EC096EA423B6164100C08B65 /* SAPFioriFlows.framework */ = {isa = PBXFileReference; lastKnownFileType = wrapper.framework; name = SAPFioriFlows.framework; path = "TestFiori4Ios/Release-iphoneos/SAPFioriFlows.framework"; sourceTree = "<group>"; };
		EC096EA523B6164100C08B65 /* SAPML-Dependencies */ = {isa = PBXFileReference; lastKnownFileType = folder; name = "SAPML-Dependencies"; path = "TestFiori4Ios/Release-iphoneos/SAPML-Dependencies"; sourceTree = "<group>"; };
		EC096EA623B6164200C08B65 /* SAPML.framework */ = {isa = PBXFileReference; lastKnownFileType = wrapper.framework; name = SAPML.framework; path = "TestFiori4Ios/Release-iphoneos/SAPML.framework"; sourceTree = "<group>"; };
		EC096EA723B6164200C08B65 /* SAPFoundation.framework */ = {isa = PBXFileReference; lastKnownFileType = wrapper.framework; name = SAPFoundation.framework; path = "TestFiori4Ios/Release-iphoneos/SAPFoundation.framework"; sourceTree = "<group>"; };
		EC096EA823B6164200C08B65 /* SAPOData.framework */ = {isa = PBXFileReference; lastKnownFileType = wrapper.framework; name = SAPOData.framework; path = "TestFiori4Ios/Release-iphoneos/SAPOData.framework"; sourceTree = "<group>"; };
		EC096EA923B6164200C08B65 /* SAPOfflineOData.framework */ = {isa = PBXFileReference; lastKnownFileType = wrapper.framework; name = SAPOfflineOData.framework; path = "TestFiori4Ios/Release-iphoneos/SAPOfflineOData.framework"; sourceTree = "<group>"; };
		EC096EAA23B6164200C08B65 /* SAPFiori.framework */ = {isa = PBXFileReference; lastKnownFileType = wrapper.framework; name = SAPFiori.framework; path = "TestFiori4Ios/Release-iphoneos/SAPFiori.framework"; sourceTree = "<group>"; };
		EC096EAB23B6164200C08B65 /* SAPCommon.framework */ = {isa = PBXFileReference; lastKnownFileType = wrapper.framework; name = SAPCommon.framework; path = "TestFiori4Ios/Release-iphoneos/SAPCommon.framework"; sourceTree = "<group>"; };
		EC096EBB23B651F300C08B65 /* propositionsTableViewController.swift */ = {isa = PBXFileReference; lastKnownFileType = sourcecode.swift; path = propositionsTableViewController.swift; sourceTree = "<group>"; };
		EC101F1623BF87BB002A17AB /* mainViewController.swift */ = {isa = PBXFileReference; lastKnownFileType = sourcecode.swift; path = mainViewController.swift; sourceTree = "<group>"; };
		EC101F1923BF8CDF002A17AB /* calendarViewController.swift */ = {isa = PBXFileReference; lastKnownFileType = sourcecode.swift; path = calendarViewController.swift; sourceTree = "<group>"; };
		EC101F1C23BFA2E2002A17AB /* profilViewController.swift */ = {isa = PBXFileReference; lastKnownFileType = sourcecode.swift; path = profilViewController.swift; sourceTree = "<group>"; };
		EC101F1E23C6227D002A17AB /* propositionFormTableViewController.swift */ = {isa = PBXFileReference; lastKnownFileType = sourcecode.swift; path = propositionFormTableViewController.swift; sourceTree = "<group>"; };
		EC101F2223C898DC002A17AB /* overviewTableViewController.swift */ = {isa = PBXFileReference; lastKnownFileType = sourcecode.swift; path = overviewTableViewController.swift; sourceTree = "<group>"; };
		EC4D9C2D23B6097E00C72721 /* TestFiori4Ios.app */ = {isa = PBXFileReference; explicitFileType = wrapper.application; includeInIndex = 0; path = TestFiori4Ios.app; sourceTree = BUILT_PRODUCTS_DIR; };
		EC4D9C3023B6097E00C72721 /* AppDelegate.swift */ = {isa = PBXFileReference; lastKnownFileType = sourcecode.swift; path = AppDelegate.swift; sourceTree = "<group>"; };
		EC4D9C3223B6097E00C72721 /* SceneDelegate.swift */ = {isa = PBXFileReference; lastKnownFileType = sourcecode.swift; path = SceneDelegate.swift; sourceTree = "<group>"; };
		EC4D9C3423B6097E00C72721 /* ViewController.swift */ = {isa = PBXFileReference; lastKnownFileType = sourcecode.swift; name = ViewController.swift; path = "../New Group/ViewController.swift"; sourceTree = "<group>"; };
		EC4D9C3A23B6097E00C72721 /* TestFiori4Ios.xcdatamodel */ = {isa = PBXFileReference; lastKnownFileType = wrapper.xcdatamodel; path = TestFiori4Ios.xcdatamodel; sourceTree = "<group>"; };
		EC4D9C3C23B6098100C72721 /* Assets.xcassets */ = {isa = PBXFileReference; lastKnownFileType = folder.assetcatalog; path = Assets.xcassets; sourceTree = "<group>"; };
		EC4D9C3F23B6098100C72721 /* Base */ = {isa = PBXFileReference; lastKnownFileType = file.storyboard; name = Base; path = Base.lproj/LaunchScreen.storyboard; sourceTree = "<group>"; };
		EC4D9C4123B6098100C72721 /* Info.plist */ = {isa = PBXFileReference; lastKnownFileType = text.plist.xml; path = Info.plist; sourceTree = "<group>"; };
		EC4D9C5823B613BB00C72721 /* navController.swift */ = {isa = PBXFileReference; lastKnownFileType = sourcecode.swift; path = navController.swift; sourceTree = "<group>"; };
		EC51299823CF308B00539F6C /* helper.swift */ = {isa = PBXFileReference; lastKnownFileType = sourcecode.swift; path = helper.swift; sourceTree = "<group>"; };
		EC51299C23CF50B300539F6C /* homeCollection.swift */ = {isa = PBXFileReference; lastKnownFileType = sourcecode.swift; path = homeCollection.swift; sourceTree = "<group>"; };
		EC51299E23D0838100539F6C /* propositionsJson.json */ = {isa = PBXFileReference; lastKnownFileType = text.json; path = propositionsJson.json; sourceTree = "<group>"; };
		EC5129A023D087AA00539F6C /* apiGetter.swift */ = {isa = PBXFileReference; lastKnownFileType = sourcecode.swift; path = apiGetter.swift; sourceTree = "<group>"; };
		EC81CAE723C8BDE900F7AD7A /* data.json */ = {isa = PBXFileReference; lastKnownFileType = text.json; path = data.json; sourceTree = "<group>"; };
		ECE61B8523BF409200A4CCDC /* SAPCommon.framework */ = {isa = PBXFileReference; lastKnownFileType = wrapper.framework; name = SAPCommon.framework; path = "Release-iphoneos/SAPCommon.framework"; sourceTree = "<group>"; };
		ECE61B8623BF409200A4CCDC /* SAPOData.framework */ = {isa = PBXFileReference; lastKnownFileType = wrapper.framework; name = SAPOData.framework; path = "Release-iphoneos/SAPOData.framework"; sourceTree = "<group>"; };
		ECE61B8723BF409200A4CCDC /* SAPOfflineOData.framework */ = {isa = PBXFileReference; lastKnownFileType = wrapper.framework; name = SAPOfflineOData.framework; path = "Release-iphoneos/SAPOfflineOData.framework"; sourceTree = "<group>"; };
		ECE61B8823BF409200A4CCDC /* SAPFioriFlows.framework */ = {isa = PBXFileReference; lastKnownFileType = wrapper.framework; name = SAPFioriFlows.framework; path = "Release-iphoneos/SAPFioriFlows.framework"; sourceTree = "<group>"; };
		ECE61B8923BF409200A4CCDC /* SAPFiori.framework */ = {isa = PBXFileReference; lastKnownFileType = wrapper.framework; name = SAPFiori.framework; path = "Release-iphoneos/SAPFiori.framework"; sourceTree = "<group>"; };
		ECE61B8A23BF409200A4CCDC /* SAPML-Dependencies */ = {isa = PBXFileReference; lastKnownFileType = folder; name = "SAPML-Dependencies"; path = "Release-iphoneos/SAPML-Dependencies"; sourceTree = "<group>"; };
		ECE61B8B23BF409200A4CCDC /* SAPML.framework */ = {isa = PBXFileReference; lastKnownFileType = wrapper.framework; name = SAPML.framework; path = "Release-iphoneos/SAPML.framework"; sourceTree = "<group>"; };
		ECE61B8C23BF409200A4CCDC /* SAPFoundation.framework */ = {isa = PBXFileReference; lastKnownFileType = wrapper.framework; name = SAPFoundation.framework; path = "Release-iphoneos/SAPFoundation.framework"; sourceTree = "<group>"; };
		ECE61B9E23BF510B00A4CCDC /* placeDetailsTableViewController.swift */ = {isa = PBXFileReference; lastKnownFileType = sourcecode.swift; path = placeDetailsTableViewController.swift; sourceTree = "<group>"; };
		ECF2FE7623D850C3007B480F /* reservationTableView.swift */ = {isa = PBXFileReference; lastKnownFileType = sourcecode.swift; path = reservationTableView.swift; sourceTree = "<group>"; };
/* End PBXFileReference section */

/* Begin PBXFrameworksBuildPhase section */
		EC4D9C2A23B6097E00C72721 /* Frameworks */ = {
			isa = PBXFrameworksBuildPhase;
			buildActionMask = 2147483647;
			files = (
				ECE61B9523BF40AC00A4CCDC /* SAPFoundation.framework in Frameworks */,
				ECE61B9023BF40AC00A4CCDC /* SAPCommon.framework in Frameworks */,
				ECE61B9123BF40AC00A4CCDC /* SAPFiori.framework in Frameworks */,
				ECE61B8D23BF40A200A4CCDC /* SAPCommon.framework in Frameworks */,
				ECE61B9923BF40AC00A4CCDC /* SAPOData.framework in Frameworks */,
				ECE61B9B23BF40AC00A4CCDC /* SAPOfflineOData.framework in Frameworks */,
				ECE61B9323BF40AC00A4CCDC /* SAPFioriFlows.framework in Frameworks */,
			);
			runOnlyForDeploymentPostprocessing = 0;
		};
/* End PBXFrameworksBuildPhase section */

/* Begin PBXGroup section */
		EC06709D23E3266500099C5F /* Onboarding */ = {
			isa = PBXGroup;
			children = (
				EC06709E23E3266500099C5F /* ApplicationUIManager.swift */,
				EC06709F23E3266500099C5F /* OnboardingErrorHandler.swift */,
				EC0670A023E3266500099C5F /* OnboardingFlowProvider.swift */,
				EC0670A123E3266500099C5F /* ConfigurationProvider.plist */,
			);
			path = Onboarding;
			sourceTree = "<group>";
		};
		EC096EA323B6164100C08B65 /* Frameworks */ = {
			isa = PBXGroup;
			children = (
				ECE61B8523BF409200A4CCDC /* SAPCommon.framework */,
				ECE61B8923BF409200A4CCDC /* SAPFiori.framework */,
				ECE61B8823BF409200A4CCDC /* SAPFioriFlows.framework */,
				ECE61B8C23BF409200A4CCDC /* SAPFoundation.framework */,
				ECE61B8A23BF409200A4CCDC /* SAPML-Dependencies */,
				ECE61B8B23BF409200A4CCDC /* SAPML.framework */,
				ECE61B8623BF409200A4CCDC /* SAPOData.framework */,
				ECE61B8723BF409200A4CCDC /* SAPOfflineOData.framework */,
				EC096EAB23B6164200C08B65 /* SAPCommon.framework */,
				EC096EAA23B6164200C08B65 /* SAPFiori.framework */,
				EC096EA423B6164100C08B65 /* SAPFioriFlows.framework */,
				EC096EA723B6164200C08B65 /* SAPFoundation.framework */,
				EC096EA523B6164100C08B65 /* SAPML-Dependencies */,
				EC096EA623B6164200C08B65 /* SAPML.framework */,
				EC096EA823B6164200C08B65 /* SAPOData.framework */,
				EC096EA923B6164200C08B65 /* SAPOfflineOData.framework */,
			);
			name = Frameworks;
			sourceTree = "<group>";
		};
		EC101F1823BF8B9C002A17AB /* CalendarGroup */ = {
			isa = PBXGroup;
			children = (
				EC101F1923BF8CDF002A17AB /* calendarViewController.swift */,
			);
			path = CalendarGroup;
			sourceTree = "<group>";
		};
		EC101F1B23BFA2C2002A17AB /* ProfilGroup */ = {
			isa = PBXGroup;
			children = (
				EC101F1C23BFA2E2002A17AB /* profilViewController.swift */,
			);
			path = ProfilGroup;
			sourceTree = "<group>";
		};
		EC101F2123C89887002A17AB /* OverviewGroup */ = {
			isa = PBXGroup;
			children = (
				EC101F2223C898DC002A17AB /* overviewTableViewController.swift */,
			);
			path = OverviewGroup;
			sourceTree = "<group>";
		};
		EC4D9C2423B6097E00C72721 = {
			isa = PBXGroup;
			children = (
				EC4D9C2F23B6097E00C72721 /* TestFiori4Ios */,
				EC06709D23E3266500099C5F /* Onboarding */,
				EC4D9C2E23B6097E00C72721 /* Products */,
				EC096EA323B6164100C08B65 /* Frameworks */,
			);
			sourceTree = "<group>";
		};
		EC4D9C2E23B6097E00C72721 /* Products */ = {
			isa = PBXGroup;
			children = (
				EC4D9C2D23B6097E00C72721 /* TestFiori4Ios.app */,
			);
			name = Products;
			sourceTree = "<group>";
		};
		EC4D9C2F23B6097E00C72721 /* TestFiori4Ios */ = {
			isa = PBXGroup;
			children = (
				EC51299723CF307300539F6C /* helperGroup */,
				EC101F2123C89887002A17AB /* OverviewGroup */,
				EC101F1B23BFA2C2002A17AB /* ProfilGroup */,
				EC101F1823BF8B9C002A17AB /* CalendarGroup */,
				ECE61B9D23BF50BF00A4CCDC /* HomeGroup */,
				EC4D9C3023B6097E00C72721 /* AppDelegate.swift */,
				EC4D9C3223B6097E00C72721 /* SceneDelegate.swift */,
				EC4D9C5823B613BB00C72721 /* navController.swift */,
				EC4D9C3C23B6098100C72721 /* Assets.xcassets */,
				EC4D9C3E23B6098100C72721 /* LaunchScreen.storyboard */,
				EC4D9C4123B6098100C72721 /* Info.plist */,
				EC4D9C3923B6097E00C72721 /* TestFiori4Ios.xcdatamodeld */,
				EC101F1623BF87BB002A17AB /* mainViewController.swift */,
				EC51299E23D0838100539F6C /* propositionsJson.json */,
				EC81CAE723C8BDE900F7AD7A /* data.json */,
				EC06709B23E3041100099C5F /* onBoardingManager.swift */,
			);
			path = TestFiori4Ios;
			sourceTree = "<group>";
		};
		EC51299723CF307300539F6C /* helperGroup */ = {
			isa = PBXGroup;
			children = (
				EC51299823CF308B00539F6C /* helper.swift */,
				EC5129A023D087AA00539F6C /* apiGetter.swift */,
			);
			path = helperGroup;
			sourceTree = "<group>";
		};
		ECE61B9D23BF50BF00A4CCDC /* HomeGroup */ = {
			isa = PBXGroup;
			children = (
				EC096EBB23B651F300C08B65 /* propositionsTableViewController.swift */,
				EC4D9C3423B6097E00C72721 /* ViewController.swift */,
				ECE61B9E23BF510B00A4CCDC /* placeDetailsTableViewController.swift */,
				EC101F1E23C6227D002A17AB /* propositionFormTableViewController.swift */,
				EC51299C23CF50B300539F6C /* homeCollection.swift */,
				ECF2FE7623D850C3007B480F /* reservationTableView.swift */,
			);
			path = HomeGroup;
			sourceTree = "<group>";
		};
/* End PBXGroup section */

/* Begin PBXNativeTarget section */
		EC4D9C2C23B6097E00C72721 /* TestFiori4Ios */ = {
			isa = PBXNativeTarget;
			buildConfigurationList = EC4D9C4423B6098100C72721 /* Build configuration list for PBXNativeTarget "TestFiori4Ios" */;
			buildPhases = (
				EC4D9C2923B6097E00C72721 /* Sources */,
				EC4D9C2A23B6097E00C72721 /* Frameworks */,
				EC4D9C2B23B6097E00C72721 /* Resources */,
				ECE61B8F23BF40A300A4CCDC /* Embed Frameworks */,
			);
			buildRules = (
			);
			dependencies = (
			);
			name = TestFiori4Ios;
			productName = TestFiori4Ios;
			productReference = EC4D9C2D23B6097E00C72721 /* TestFiori4Ios.app */;
			productType = "com.apple.product-type.application";
		};
/* End PBXNativeTarget section */

/* Begin PBXProject section */
		EC4D9C2523B6097E00C72721 /* Project object */ = {
			isa = PBXProject;
			attributes = {
				LastSwiftUpdateCheck = 1130;
				LastUpgradeCheck = 1130;
				ORGANIZATIONNAME = Alexendre;
				TargetAttributes = {
					EC4D9C2C23B6097E00C72721 = {
						CreatedOnToolsVersion = 11.3;
					};
				};
			};
			buildConfigurationList = EC4D9C2823B6097E00C72721 /* Build configuration list for PBXProject "TestFiori4Ios" */;
			compatibilityVersion = "Xcode 9.3";
			developmentRegion = en;
			hasScannedForEncodings = 0;
			knownRegions = (
				en,
				Base,
			);
			mainGroup = EC4D9C2423B6097E00C72721;
			productRefGroup = EC4D9C2E23B6097E00C72721 /* Products */;
			projectDirPath = "";
			projectRoot = "";
			targets = (
				EC4D9C2C23B6097E00C72721 /* TestFiori4Ios */,
			);
		};
/* End PBXProject section */

/* Begin PBXResourcesBuildPhase section */
		EC4D9C2B23B6097E00C72721 /* Resources */ = {
			isa = PBXResourcesBuildPhase;
			buildActionMask = 2147483647;
			files = (
				EC0670A523E3266600099C5F /* ConfigurationProvider.plist in Resources */,
				EC51299F23D0838100539F6C /* propositionsJson.json in Resources */,
				EC4D9C4023B6098100C72721 /* LaunchScreen.storyboard in Resources */,
				EC81CAE823C8BDE900F7AD7A /* data.json in Resources */,
				EC4D9C3D23B6098100C72721 /* Assets.xcassets in Resources */,
			);
			runOnlyForDeploymentPostprocessing = 0;
		};
/* End PBXResourcesBuildPhase section */

/* Begin PBXSourcesBuildPhase section */
		EC4D9C2923B6097E00C72721 /* Sources */ = {
			isa = PBXSourcesBuildPhase;
			buildActionMask = 2147483647;
			files = (
				EC0670A223E3266600099C5F /* ApplicationUIManager.swift in Sources */,
				EC4D9C5923B613BB00C72721 /* navController.swift in Sources */,
				EC4D9C3523B6097E00C72721 /* ViewController.swift in Sources */,
				EC51299D23CF50B300539F6C /* homeCollection.swift in Sources */,
				EC101F1D23BFA2E2002A17AB /* profilViewController.swift in Sources */,
				ECE61B9F23BF510B00A4CCDC /* placeDetailsTableViewController.swift in Sources */,
				EC0670A323E3266600099C5F /* OnboardingErrorHandler.swift in Sources */,
				EC5129A123D087AA00539F6C /* apiGetter.swift in Sources */,
				EC4D9C3123B6097E00C72721 /* AppDelegate.swift in Sources */,
				EC0670A423E3266600099C5F /* OnboardingFlowProvider.swift in Sources */,
				EC101F1F23C6227D002A17AB /* propositionFormTableViewController.swift in Sources */,
				EC06709C23E3041100099C5F /* onBoardingManager.swift in Sources */,
				EC101F2323C898DC002A17AB /* overviewTableViewController.swift in Sources */,
				EC4D9C3B23B6097E00C72721 /* TestFiori4Ios.xcdatamodeld in Sources */,
				ECF2FE7723D850C3007B480F /* reservationTableView.swift in Sources */,
				EC096EBC23B651F300C08B65 /* propositionsTableViewController.swift in Sources */,
				EC4D9C3323B6097E00C72721 /* SceneDelegate.swift in Sources */,
				EC51299923CF308B00539F6C /* helper.swift in Sources */,
				EC101F1A23BF8CE0002A17AB /* calendarViewController.swift in Sources */,
				EC101F1723BF87BB002A17AB /* mainViewController.swift in Sources */,
			);
			runOnlyForDeploymentPostprocessing = 0;
		};
/* End PBXSourcesBuildPhase section */

/* Begin PBXVariantGroup section */
		EC4D9C3E23B6098100C72721 /* LaunchScreen.storyboard */ = {
			isa = PBXVariantGroup;
			children = (
				EC4D9C3F23B6098100C72721 /* Base */,
			);
			name = LaunchScreen.storyboard;
			sourceTree = "<group>";
		};
/* End PBXVariantGroup section */

/* Begin XCBuildConfiguration section */
		EC4D9C4223B6098100C72721 /* Debug */ = {
			isa = XCBuildConfiguration;
			buildSettings = {
				ALWAYS_SEARCH_USER_PATHS = NO;
				CLANG_ANALYZER_NONNULL = YES;
				CLANG_ANALYZER_NUMBER_OBJECT_CONVERSION = YES_AGGRESSIVE;
				CLANG_CXX_LANGUAGE_STANDARD = "gnu++14";
				CLANG_CXX_LIBRARY = "libc++";
				CLANG_ENABLE_MODULES = YES;
				CLANG_ENABLE_OBJC_ARC = YES;
				CLANG_ENABLE_OBJC_WEAK = YES;
				CLANG_WARN_BLOCK_CAPTURE_AUTORELEASING = YES;
				CLANG_WARN_BOOL_CONVERSION = YES;
				CLANG_WARN_COMMA = YES;
				CLANG_WARN_CONSTANT_CONVERSION = YES;
				CLANG_WARN_DEPRECATED_OBJC_IMPLEMENTATIONS = YES;
				CLANG_WARN_DIRECT_OBJC_ISA_USAGE = YES_ERROR;
				CLANG_WARN_DOCUMENTATION_COMMENTS = YES;
				CLANG_WARN_EMPTY_BODY = YES;
				CLANG_WARN_ENUM_CONVERSION = YES;
				CLANG_WARN_INFINITE_RECURSION = YES;
				CLANG_WARN_INT_CONVERSION = YES;
				CLANG_WARN_NON_LITERAL_NULL_CONVERSION = YES;
				CLANG_WARN_OBJC_IMPLICIT_RETAIN_SELF = YES;
				CLANG_WARN_OBJC_LITERAL_CONVERSION = YES;
				CLANG_WARN_OBJC_ROOT_CLASS = YES_ERROR;
				CLANG_WARN_RANGE_LOOP_ANALYSIS = YES;
				CLANG_WARN_STRICT_PROTOTYPES = YES;
				CLANG_WARN_SUSPICIOUS_MOVE = YES;
				CLANG_WARN_UNGUARDED_AVAILABILITY = YES_AGGRESSIVE;
				CLANG_WARN_UNREACHABLE_CODE = YES;
				CLANG_WARN__DUPLICATE_METHOD_MATCH = YES;
				COPY_PHASE_STRIP = NO;
				DEBUG_INFORMATION_FORMAT = dwarf;
				ENABLE_STRICT_OBJC_MSGSEND = YES;
				ENABLE_TESTABILITY = YES;
				GCC_C_LANGUAGE_STANDARD = gnu11;
				GCC_DYNAMIC_NO_PIC = NO;
				GCC_NO_COMMON_BLOCKS = YES;
				GCC_OPTIMIZATION_LEVEL = 0;
				GCC_PREPROCESSOR_DEFINITIONS = (
					"DEBUG=1",
					"$(inherited)",
				);
				GCC_WARN_64_TO_32_BIT_CONVERSION = YES;
				GCC_WARN_ABOUT_RETURN_TYPE = YES_ERROR;
				GCC_WARN_UNDECLARED_SELECTOR = YES;
				GCC_WARN_UNINITIALIZED_AUTOS = YES_AGGRESSIVE;
				GCC_WARN_UNUSED_FUNCTION = YES;
				GCC_WARN_UNUSED_VARIABLE = YES;
				IPHONEOS_DEPLOYMENT_TARGET = 13.2;
				MTL_ENABLE_DEBUG_INFO = INCLUDE_SOURCE;
				MTL_FAST_MATH = YES;
				ONLY_ACTIVE_ARCH = YES;
				SDKROOT = iphoneos;
				SWIFT_ACTIVE_COMPILATION_CONDITIONS = DEBUG;
				SWIFT_OPTIMIZATION_LEVEL = "-Onone";
			};
			name = Debug;
		};
		EC4D9C4323B6098100C72721 /* Release */ = {
			isa = XCBuildConfiguration;
			buildSettings = {
				ALWAYS_SEARCH_USER_PATHS = NO;
				CLANG_ANALYZER_NONNULL = YES;
				CLANG_ANALYZER_NUMBER_OBJECT_CONVERSION = YES_AGGRESSIVE;
				CLANG_CXX_LANGUAGE_STANDARD = "gnu++14";
				CLANG_CXX_LIBRARY = "libc++";
				CLANG_ENABLE_MODULES = YES;
				CLANG_ENABLE_OBJC_ARC = YES;
				CLANG_ENABLE_OBJC_WEAK = YES;
				CLANG_WARN_BLOCK_CAPTURE_AUTORELEASING = YES;
				CLANG_WARN_BOOL_CONVERSION = YES;
				CLANG_WARN_COMMA = YES;
				CLANG_WARN_CONSTANT_CONVERSION = YES;
				CLANG_WARN_DEPRECATED_OBJC_IMPLEMENTATIONS = YES;
				CLANG_WARN_DIRECT_OBJC_ISA_USAGE = YES_ERROR;
				CLANG_WARN_DOCUMENTATION_COMMENTS = YES;
				CLANG_WARN_EMPTY_BODY = YES;
				CLANG_WARN_ENUM_CONVERSION = YES;
				CLANG_WARN_INFINITE_RECURSION = YES;
				CLANG_WARN_INT_CONVERSION = YES;
				CLANG_WARN_NON_LITERAL_NULL_CONVERSION = YES;
				CLANG_WARN_OBJC_IMPLICIT_RETAIN_SELF = YES;
				CLANG_WARN_OBJC_LITERAL_CONVERSION = YES;
				CLANG_WARN_OBJC_ROOT_CLASS = YES_ERROR;
				CLANG_WARN_RANGE_LOOP_ANALYSIS = YES;
				CLANG_WARN_STRICT_PROTOTYPES = YES;
				CLANG_WARN_SUSPICIOUS_MOVE = YES;
				CLANG_WARN_UNGUARDED_AVAILABILITY = YES_AGGRESSIVE;
				CLANG_WARN_UNREACHABLE_CODE = YES;
				CLANG_WARN__DUPLICATE_METHOD_MATCH = YES;
				COPY_PHASE_STRIP = NO;
				DEBUG_INFORMATION_FORMAT = "dwarf-with-dsym";
				ENABLE_NS_ASSERTIONS = NO;
				ENABLE_STRICT_OBJC_MSGSEND = YES;
				GCC_C_LANGUAGE_STANDARD = gnu11;
				GCC_NO_COMMON_BLOCKS = YES;
				GCC_WARN_64_TO_32_BIT_CONVERSION = YES;
				GCC_WARN_ABOUT_RETURN_TYPE = YES_ERROR;
				GCC_WARN_UNDECLARED_SELECTOR = YES;
				GCC_WARN_UNINITIALIZED_AUTOS = YES_AGGRESSIVE;
				GCC_WARN_UNUSED_FUNCTION = YES;
				GCC_WARN_UNUSED_VARIABLE = YES;
				IPHONEOS_DEPLOYMENT_TARGET = 13.2;
				MTL_ENABLE_DEBUG_INFO = NO;
				MTL_FAST_MATH = YES;
				SDKROOT = iphoneos;
				SWIFT_COMPILATION_MODE = wholemodule;
				SWIFT_OPTIMIZATION_LEVEL = "-O";
				VALIDATE_PRODUCT = YES;
			};
			name = Release;
		};
		EC4D9C4523B6098100C72721 /* Debug */ = {
			isa = XCBuildConfiguration;
			buildSettings = {
				ASSETCATALOG_COMPILER_APPICON_NAME = AppIcon;
				CODE_SIGN_STYLE = Automatic;
				DEVELOPMENT_TEAM = SSSYB2535Y;
				FRAMEWORK_SEARCH_PATHS = (
					"$(inherited)",
					"$(PROJECT_DIR)",
					"$(PROJECT_DIR)/TestFiori4Ios/Release-iphoneos",
					"$(PROJECT_DIR)/Release-iphoneos",
				);
				INFOPLIST_FILE = TestFiori4Ios/Info.plist;
				IPHONEOS_DEPLOYMENT_TARGET = 13.0;
				LD_RUNPATH_SEARCH_PATHS = (
					"$(inherited)",
					"@executable_path/Frameworks",
				);
				PRODUCT_BUNDLE_IDENTIFIER = com.Obli.progMobile.TestFiori4Ios;
				PRODUCT_NAME = "$(TARGET_NAME)";
				SWIFT_VERSION = 5.0;
				TARGETED_DEVICE_FAMILY = "1,2";
			};
			name = Debug;
		};
		EC4D9C4623B6098100C72721 /* Release */ = {
			isa = XCBuildConfiguration;
			buildSettings = {
				ASSETCATALOG_COMPILER_APPICON_NAME = AppIcon;
				CODE_SIGN_STYLE = Automatic;
				DEVELOPMENT_TEAM = SSSYB2535Y;
				FRAMEWORK_SEARCH_PATHS = (
					"$(inherited)",
					"$(PROJECT_DIR)",
					"$(PROJECT_DIR)/TestFiori4Ios/Release-iphoneos",
					"$(PROJECT_DIR)/Release-iphoneos",
				);
				INFOPLIST_FILE = TestFiori4Ios/Info.plist;
				IPHONEOS_DEPLOYMENT_TARGET = 13.0;
				LD_RUNPATH_SEARCH_PATHS = (
					"$(inherited)",
					"@executable_path/Frameworks",
				);
				PRODUCT_BUNDLE_IDENTIFIER = com.Obli.progMobile.TestFiori4Ios;
				PRODUCT_NAME = "$(TARGET_NAME)";
				SWIFT_VERSION = 5.0;
				TARGETED_DEVICE_FAMILY = "1,2";
			};
			name = Release;
		};
/* End XCBuildConfiguration section */

/* Begin XCConfigurationList section */
		EC4D9C2823B6097E00C72721 /* Build configuration list for PBXProject "TestFiori4Ios" */ = {
			isa = XCConfigurationList;
			buildConfigurations = (
				EC4D9C4223B6098100C72721 /* Debug */,
				EC4D9C4323B6098100C72721 /* Release */,
			);
			defaultConfigurationIsVisible = 0;
			defaultConfigurationName = Release;
		};
		EC4D9C4423B6098100C72721 /* Build configuration list for PBXNativeTarget "TestFiori4Ios" */ = {
			isa = XCConfigurationList;
			buildConfigurations = (
				EC4D9C4523B6098100C72721 /* Debug */,
				EC4D9C4623B6098100C72721 /* Release */,
			);
			defaultConfigurationIsVisible = 0;
			defaultConfigurationName = Release;
		};
/* End XCConfigurationList section */

/* Begin XCVersionGroup section */
		EC4D9C3923B6097E00C72721 /* TestFiori4Ios.xcdatamodeld */ = {
			isa = XCVersionGroup;
			children = (
				EC4D9C3A23B6097E00C72721 /* TestFiori4Ios.xcdatamodel */,
			);
			currentVersion = EC4D9C3A23B6097E00C72721 /* TestFiori4Ios.xcdatamodel */;
			path = TestFiori4Ios.xcdatamodeld;
			sourceTree = "<group>";
			versionGroupType = wrapper.xcdatamodel;
		};
/* End XCVersionGroup section */
	};
	rootObject = EC4D9C2523B6097E00C72721 /* Project object */;
}
